
Microsoft Visual Studio Solution File, Format Version 12.00
# Visual Studio 15
VisualStudioVersion = 15.0.27703.2018
MinimumVisualStudioVersion = 10.0.40219.1
Project("{FAE04EC0-301F-11D3-BF4B-00C04F79EFBC}") = "XamarinForms.Android", "XamarinForms.Android\XamarinForms.Android.csproj", "{CD63A650-5E94-4D6B-9C92-0AEB337425B5}"
EndProject
Project("{FAE04EC0-301F-11D3-BF4B-00C04F79EFBC}") = "XamarinForms.iOS", "XamarinForms.iOS\XamarinForms.iOS.csproj", "{D77EAEBA-0B5F-4166-A218-2F6E22CB1BAA}"
EndProject
Project("{9A19103F-16F7-4668-BE54-9A1E7A4F7556}") = "XamarinForms", "XamarinForms\XamarinForms.csproj", "{1E5A06F6-1280-49CC-9481-E6EC0F5CC221}"
EndProject
Global
	GlobalSection(SolutionConfigurationPlatforms) = preSolution
		Debug|Any CPU = Debug|Any CPU
		Debug|ARM = Debug|ARM
		Debug|iPhone = Debug|iPhone
		Debug|iPhoneSimulator = Debug|iPhoneSimulator
		Debug|x64 = Debug|x64
		Debug|x86 = Debug|x86
		Release|Any CPU = Release|Any CPU
		Release|ARM = Release|ARM
		Release|iPhone = Release|iPhone
		Release|iPhoneSimulator = Release|iPhoneSimulator
		Release|x64 = Release|x64
		Release|x86 = Release|x86
	EndGlobalSection
	GlobalSection(ProjectConfigurationPlatforms) = postSolution
		{CD63A650-5E94-4D6B-9C92-0AEB337425B5}.Debug|Any CPU.ActiveCfg = Debug|Any CPU
		{CD63A650-5E94-4D6B-9C92-0AEB337425B5}.Debug|Any CPU.Build.0 = Debug|Any CPU
		{CD63A650-5E94-4D6B-9C92-0AEB337425B5}.Debug|Any CPU.Deploy.0 = Debug|Any CPU
		{CD63A650-5E94-4D6B-9C92-0AEB337425B5}.Debug|ARM.ActiveCfg = Debug|Any CPU
		{CD63A650-5E94-4D6B-9C92-0AEB337425B5}.Debug|ARM.Build.0 = Debug|Any CPU
		{CD63A650-5E94-4D6B-9C92-0AEB337425B5}.Debug|ARM.Deploy.0 = Debug|Any CPU
		{CD63A650-5E94-4D6B-9C92-0AEB337425B5}.Debug|iPhone.ActiveCfg = Debug|Any CPU
		{CD63A650-5E94-4D6B-9C92-0AEB337425B5}.Debug|iPhone.Build.0 = Debug|Any CPU
		{CD63A650-5E94-4D6B-9C92-0AEB337425B5}.Debug|iPhone.Deploy.0 = Debug|Any CPU
		{CD63A650-5E94-4D6B-9C92-0AEB337425B5}.Debug|iPhoneSimulator.ActiveCfg = Debug|Any CPU
		{CD63A650-5E94-4D6B-9C92-0AEB337425B5}.Debug|iPhoneSimulator.Build.0 = Debug|Any CPU
		{CD63A650-5E94-4D6B-9C92-0AEB337425B5}.Debug|iPhoneSimulator.Deploy.0 = Debug|Any CPU
		{CD63A650-5E94-4D6B-9C92-0AEB337425B5}.Debug|x64.ActiveCfg = Debug|Any CPU
		{CD63A650-5E94-4D6B-9C92-0AEB337425B5}.Debug|x64.Build.0 = Debug|Any CPU
		{CD63A650-5E94-4D6B-9C92-0AEB337425B5}.Debug|x64.Deploy.0 = Debug|Any CPU
		{CD63A650-5E94-4D6B-9C92-0AEB337425B5}.Debug|x86.ActiveCfg = Debug|Any CPU
		{CD63A650-5E94-4D6B-9C92-0AEB337425B5}.Debug|x86.Build.0 = Debug|Any CPU
		{CD63A650-5E94-4D6B-9C92-0AEB337425B5}.Debug|x86.Deploy.0 = Debug|Any CPU
		{CD63A650-5E94-4D6B-9C92-0AEB337425B5}.Release|Any CPU.ActiveCfg = Release|Any CPU
		{CD63A650-5E94-4D6B-9C92-0AEB337425B5}.Release|Any CPU.Build.0 = Release|Any CPU
		{CD63A650-5E94-4D6B-9C92-0AEB337425B5}.Release|Any CPU.Deploy.0 = Release|Any CPU
		{CD63A650-5E94-4D6B-9C92-0AEB337425B5}.Release|ARM.ActiveCfg = Release|Any CPU
		{CD63A650-5E94-4D6B-9C92-0AEB337425B5}.Release|ARM.Build.0 = Release|Any CPU
		{CD63A650-5E94-4D6B-9C92-0AEB337425B5}.Release|ARM.Deploy.0 = Release|Any CPU
		{CD63A650-5E94-4D6B-9C92-0AEB337425B5}.Release|iPhone.ActiveCfg = Release|Any CPU
		{CD63A650-5E94-4D6B-9C92-0AEB337425B5}.Release|iPhone.Build.0 = Release|Any CPU
		{CD63A650-5E94-4D6B-9C92-0AEB337425B5}.Release|iPhone.Deploy.0 = Release|Any CPU
		{CD63A650-5E94-4D6B-9C92-0AEB337425B5}.Release|iPhoneSimulator.ActiveCfg = Release|Any CPU
		{CD63A650-5E94-4D6B-9C92-0AEB337425B5}.Release|iPhoneSimulator.Build.0 = Release|Any CPU
		{CD63A650-5E94-4D6B-9C92-0AEB337425B5}.Release|iPhoneSimulator.Deploy.0 = Release|Any CPU
		{CD63A650-5E94-4D6B-9C92-0AEB337425B5}.Release|x64.ActiveCfg = Release|Any CPU
		{CD63A650-5E94-4D6B-9C92-0AEB337425B5}.Release|x64.Build.0 = Release|Any CPU
		{CD63A650-5E94-4D6B-9C92-0AEB337425B5}.Release|x64.Deploy.0 = Release|Any CPU
		{CD63A650-5E94-4D6B-9C92-0AEB337425B5}.Release|x86.ActiveCfg = Release|Any CPU
		{CD63A650-5E94-4D6B-9C92-0AEB337425B5}.Release|x86.Build.0 = Release|Any CPU
		{CD63A650-5E94-4D6B-9C92-0AEB337425B5}.Release|x86.Deploy.0 = Release|Any CPU
		{D77EAEBA-0B5F-4166-A218-2F6E22CB1BAA}.Debug|Any CPU.ActiveCfg = Debug|iPhoneSimulator
		{D77EAEBA-0B5F-4166-A218-2F6E22CB1BAA}.Debug|Any CPU.Build.0 = Debug|iPhoneSimulator
		{D77EAEBA-0B5F-4166-A218-2F6E22CB1BAA}.Debug|Any CPU.Deploy.0 = Debug|iPhoneSimulator
		{D77EAEBA-0B5F-4166-A218-2F6E22CB1BAA}.Debug|ARM.ActiveCfg = Debug|iPhone
		{D77EAEBA-0B5F-4166-A218-2F6E22CB1BAA}.Debug|ARM.Build.0 = Debug|iPhone
		{D77EAEBA-0B5F-4166-A218-2F6E22CB1BAA}.Debug|ARM.Deploy.0 = Debug|iPhone
		{D77EAEBA-0B5F-4166-A218-2F6E22CB1BAA}.Debug|iPhone.ActiveCfg = Debug|iPhone
		{D77EAEBA-0B5F-4166-A218-2F6E22CB1BAA}.Debug|iPhone.Build.0 = Debug|iPhone
		{D77EAEBA-0B5F-4166-A218-2F6E22CB1BAA}.Debug|iPhone.Deploy.0 = Debug|iPhone
		{D77EAEBA-0B5F-4166-A218-2F6E22CB1BAA}.Debug|iPhoneSimulator.ActiveCfg = Debug|iPhoneSimulator
		{D77EAEBA-0B5F-4166-A218-2F6E22CB1BAA}.Debug|iPhoneSimulator.Build.0 = Debug|iPhoneSimulator
		{D77EAEBA-0B5F-4166-A218-2F6E22CB1BAA}.Debug|iPhoneSimulator.Deploy.0 = Debug|iPhoneSimulator
		{D77EAEBA-0B5F-4166-A218-2F6E22CB1BAA}.Debug|x64.ActiveCfg = Debug|iPhone
		{D77EAEBA-0B5F-4166-A218-2F6E22CB1BAA}.Debug|x64.Build.0 = Debug|iPhone
		{D77EAEBA-0B5F-4166-A218-2F6E22CB1BAA}.Debug|x64.Deploy.0 = Debug|iPhone
		{D77EAEBA-0B5F-4166-A218-2F6E22CB1BAA}.Debug|x86.ActiveCfg = Debug|iPhone
		{D77EAEBA-0B5F-4166-A218-2F6E22CB1BAA}.Debug|x86.Build.0 = Debug|iPhone
		{D77EAEBA-0B5F-4166-A218-2F6E22CB1BAA}.Debug|x86.Deploy.0 = Debug|iPhone
		{D77EAEBA-0B5F-4166-A218-2F6E22CB1BAA}.Release|Any CPU.ActiveCfg = Release|iPhone
		{D77EAEBA-0B5F-4166-A218-2F6E22CB1BAA}.Release|Any CPU.Build.0 = Release|iPhone
		{D77EAEBA-0B5F-4166-A218-2F6E22CB1BAA}.Release|Any CPU.Deploy.0 = Release|iPhone
		{D77EAEBA-0B5F-4166-A218-2F6E22CB1BAA}.Release|ARM.ActiveCfg = Release|iPhone
		{D77EAEBA-0B5F-4166-A218-2F6E22CB1BAA}.Release|ARM.Build.0 = Release|iPhone
		{D77EAEBA-0B5F-4166-A218-2F6E22CB1BAA}.Release|ARM.Deploy.0 = Release|iPhone
		{D77EAEBA-0B5F-4166-A218-2F6E22CB1BAA}.Release|iPhone.ActiveCfg = Release|iPhone
		{D77EAEBA-0B5F-4166-A218-2F6E22CB1BAA}.Release|iPhone.Build.0 = Release|iPhone
		{D77EAEBA-0B5F-4166-A218-2F6E22CB1BAA}.Release|iPhone.Deploy.0 = Release|iPhone
		{D77EAEBA-0B5F-4166-A218-2F6E22CB1BAA}.Release|iPhoneSimulator.ActiveCfg = Release|iPhoneSimulator
		{D77EAEBA-0B5F-4166-A218-2F6E22CB1BAA}.Release|iPhoneSimulator.Build.0 = Release|iPhoneSimulator
		{D77EAEBA-0B5F-4166-A218-2F6E22CB1BAA}.Release|iPhoneSimulator.Deploy.0 = Release|iPhoneSimulator
		{D77EAEBA-0B5F-4166-A218-2F6E22CB1BAA}.Release|x64.ActiveCfg = Release|iPhone
		{D77EAEBA-0B5F-4166-A218-2F6E22CB1BAA}.Release|x64.Build.0 = Release|iPhone
		{D77EAEBA-0B5F-4166-A218-2F6E22CB1BAA}.Release|x64.Deploy.0 = Release|iPhone
		{D77EAEBA-0B5F-4166-A218-2F6E22CB1BAA}.Release|x86.ActiveCfg = Release|iPhone
		{D77EAEBA-0B5F-4166-A218-2F6E22CB1BAA}.Release|x86.Build.0 = Release|iPhone
		{D77EAEBA-0B5F-4166-A218-2F6E22CB1BAA}.Release|x86.Deploy.0 = Release|iPhone
		{1E5A06F6-1280-49CC-9481-E6EC0F5CC221}.Debug|Any CPU.ActiveCfg = Debug|Any CPU
		{1E5A06F6-1280-49CC-9481-E6EC0F5CC221}.Debug|Any CPU.Build.0 = Debug|Any CPU
		{1E5A06F6-1280-49CC-9481-E6EC0F5CC221}.Debug|Any CPU.Deploy.0 = Debug|Any CPU
		{1E5A06F6-1280-49CC-9481-E6EC0F5CC221}.Debug|ARM.ActiveCfg = Debug|Any CPU
		{1E5A06F6-1280-49CC-9481-E6EC0F5CC221}.Debug|ARM.Build.0 = Debug|Any CPU
		{1E5A06F6-1280-49CC-9481-E6EC0F5CC221}.Debug|ARM.Deploy.0 = Debug|Any CPU
		{1E5A06F6-1280-49CC-9481-E6EC0F5CC221}.Debug|iPhone.ActiveCfg = Debug|Any CPU
		{1E5A06F6-1280-49CC-9481-E6EC0F5CC221}.Debug|iPhone.Build.0 = Debug|Any CPU
		{1E5A06F6-1280-49CC-9481-E6EC0F5CC221}.Debug|iPhone.Deploy.0 = Debug|Any CPU
		{1E5A06F6-1280-49CC-9481-E6EC0F5CC221}.Debug|iPhoneSimulator.ActiveCfg = Debug|Any CPU
		{1E5A06F6-1280-49CC-9481-E6EC0F5CC221}.Debug|iPhoneSimulator.Build.0 = Debug|Any CPU
		{1E5A06F6-1280-49CC-9481-E6EC0F5CC221}.Debug|iPhoneSimulator.Deploy.0 = Debug|Any CPU
		{1E5A06F6-1280-49CC-9481-E6EC0F5CC221}.Debug|x64.ActiveCfg = Debug|Any CPU
		{1E5A06F6-1280-49CC-9481-E6EC0F5CC221}.Debug|x64.Build.0 = Debug|Any CPU
		{1E5A06F6-1280-49CC-9481-E6EC0F5CC221}.Debug|x64.Deploy.0 = Debug|Any CPU
		{1E5A06F6-1280-49CC-9481-E6EC0F5CC221}.Debug|x86.ActiveCfg = Debug|Any CPU
		{1E5A06F6-1280-49CC-9481-E6EC0F5CC221}.Debug|x86.Build.0 = Debug|Any CPU
		{1E5A06F6-1280-49CC-9481-E6EC0F5CC221}.Debug|x86.Deploy.0 = Debug|Any CPU
		{1E5A06F6-1280-49CC-9481-E6EC0F5CC221}.Release|Any CPU.ActiveCfg = Release|Any CPU
		{1E5A06F6-1280-49CC-9481-E6EC0F5CC221}.Release|Any CPU.Build.0 = Release|Any CPU
		{1E5A06F6-1280-49CC-9481-E6EC0F5CC221}.Release|Any CPU.Deploy.0 = Release|Any CPU
		{1E5A06F6-1280-49CC-9481-E6EC0F5CC221}.Release|ARM.ActiveCfg = Release|Any CPU
		{1E5A06F6-1280-49CC-9481-E6EC0F5CC221}.Release|ARM.Build.0 = Release|Any CPU
		{1E5A06F6-1280-49CC-9481-E6EC0F5CC221}.Release|ARM.Deploy.0 = Release|Any CPU
		{1E5A06F6-1280-49CC-9481-E6EC0F5CC221}.Release|iPhone.ActiveCfg = Release|Any CPU
		{1E5A06F6-1280-49CC-9481-E6EC0F5CC221}.Release|iPhone.Build.0 = Release|Any CPU
		{1E5A06F6-1280-49CC-9481-E6EC0F5CC221}.Release|iPhone.Deploy.0 = Release|Any CPU
		{1E5A06F6-1280-49CC-9481-E6EC0F5CC221}.Release|iPhoneSimulator.ActiveCfg = Release|Any CPU
		{1E5A06F6-1280-49CC-9481-E6EC0F5CC221}.Release|iPhoneSimulator.Build.0 = Release|Any CPU
		{1E5A06F6-1280-49CC-9481-E6EC0F5CC221}.Release|iPhoneSimulator.Deploy.0 = Release|Any CPU
		{1E5A06F6-1280-49CC-9481-E6EC0F5CC221}.Release|x64.ActiveCfg = Release|Any CPU
		{1E5A06F6-1280-49CC-9481-E6EC0F5CC221}.Release|x64.Build.0 = Release|Any CPU
		{1E5A06F6-1280-49CC-9481-E6EC0F5CC221}.Release|x64.Deploy.0 = Release|Any CPU
		{1E5A06F6-1280-49CC-9481-E6EC0F5CC221}.Release|x86.ActiveCfg = Release|Any CPU
		{1E5A06F6-1280-49CC-9481-E6EC0F5CC221}.Release|x86.Build.0 = Release|Any CPU
		{1E5A06F6-1280-49CC-9481-E6EC0F5CC221}.Release|x86.Deploy.0 = Release|Any CPU
	EndGlobalSection
	GlobalSection(SolutionProperties) = preSolution
		HideSolutionNode = FALSE
	EndGlobalSection
	GlobalSection(ExtensibilityGlobals) = postSolution
		SolutionGuid = {F984DDF3-722F-4BB7-BCE0-F12007DFA9D7}
	EndGlobalSection
EndGlobal
