
Microsoft Visual Studio Solution File, Format Version 12.00
# Visual Studio Version 16
VisualStudioVersion = 16.0.29324.140
MinimumVisualStudioVersion = 10.0.40219.1
Project("{FAE04EC0-301F-11D3-BF4B-00C04F79EFBC}") = "ConsoleChat", "ConsoleChat\ConsoleChat.csproj", "{18224765-6438-4D4C-8432-D29ED0AA45B4}"
EndProject
Project("{F184B08F-C81C-45F6-A57F-5ABD9991F28F}") = "ConsoleChat.VisualBasic", "ConsoleChat.VisualBasic\ConsoleChat.VisualBasic.vbproj", "{16665B21-1BE9-4D01-8DFC-D1909C4B3413}"
EndProject
Global
	GlobalSection(SolutionConfigurationPlatforms) = preSolution
		Debug|Any CPU = Debug|Any CPU
		Release|Any CPU = Release|Any CPU
	EndGlobalSection
	GlobalSection(ProjectConfigurationPlatforms) = postSolution
		{18224765-6438-4D4C-8432-D29ED0AA45B4}.Debug|Any CPU.ActiveCfg = Debug|Any CPU
		{18224765-6438-4D4C-8432-D29ED0AA45B4}.Debug|Any CPU.Build.0 = Debug|Any CPU
		{18224765-6438-4D4C-8432-D29ED0AA45B4}.Release|Any CPU.ActiveCfg = Release|Any CPU
		{18224765-6438-4D4C-8432-D29ED0AA45B4}.Release|Any CPU.Build.0 = Release|Any CPU
		{16665B21-1BE9-4D01-8DFC-D1909C4B3413}.Debug|Any CPU.ActiveCfg = Debug|Any CPU
		{16665B21-1BE9-4D01-8DFC-D1909C4B3413}.Debug|Any CPU.Build.0 = Debug|Any CPU
		{16665B21-1BE9-4D01-8DFC-D1909C4B3413}.Release|Any CPU.ActiveCfg = Release|Any CPU
		{16665B21-1BE9-4D01-8DFC-D1909C4B3413}.Release|Any CPU.Build.0 = Release|Any CPU
	EndGlobalSection
	GlobalSection(SolutionProperties) = preSolution
		HideSolutionNode = FALSE
	EndGlobalSection
	GlobalSection(ExtensibilityGlobals) = postSolution
		SolutionGuid = {2E712524-3A0A-4F17-9E96-264F64FE890A}
	EndGlobalSection
EndGlobal
